
Microsoft Visual Studio Solution File, Format Version 12.00
# Visual Studio 15
Project("{FAE04EC0-301F-11D3-BF4B-00C04F79EFBC}") = "Assembly-CSharp", "Assembly-CSharp.csproj", "{FFB62D30-C6A2-AB2C-5646-4EA08A1164BE}"
EndProject
Global
	GlobalSection(SolutionConfigurationPlatforms) = preSolution
		Debug|Any CPU = Debug|Any CPU
		Release|Any CPU = Release|Any CPU
	EndGlobalSection
	GlobalSection(ProjectConfigurationPlatforms) = postSolution
		{FFB62D30-C6A2-AB2C-5646-4EA08A1164BE}.Debug|Any CPU.ActiveCfg = Debug|Any CPU
		{FFB62D30-C6A2-AB2C-5646-4EA08A1164BE}.Debug|Any CPU.Build.0 = Debug|Any CPU
		{FFB62D30-C6A2-AB2C-5646-4EA08A1164BE}.Release|Any CPU.ActiveCfg = Release|Any CPU
		{FFB62D30-C6A2-AB2C-5646-4EA08A1164BE}.Release|Any CPU.Build.0 = Release|Any CPU
	EndGlobalSection
	GlobalSection(SolutionProperties) = preSolution
		HideSolutionNode = FALSE
	EndGlobalSection
EndGlobal
